// !$*UTF8*$!
{
	archiveVersion = 1;
	classes = {
	};
	objectVersion = 46;
	objects = {

/* Begin PBXBuildFile section */
		72267D5FAAA272E6497266C9 /* libPods-JJDetail.a in Frameworks */ = {isa = PBXBuildFile; fileRef = D8453ACE24CFB74D5202CDD8 /* libPods-JJDetail.a */; };
		9E40D59B1E30DA8F0077E00F /* main.m in Sources */ = {isa = PBXBuildFile; fileRef = 9E40D59A1E30DA8F0077E00F /* main.m */; };
		9E40D59E1E30DA8F0077E00F /* AppDelegate.m in Sources */ = {isa = PBXBuildFile; fileRef = 9E40D59D1E30DA8F0077E00F /* AppDelegate.m */; };
		9E40D5A11E30DA8F0077E00F /* ViewController.m in Sources */ = {isa = PBXBuildFile; fileRef = 9E40D5A01E30DA8F0077E00F /* ViewController.m */; };
		9E40D5A41E30DA8F0077E00F /* Main.storyboard in Resources */ = {isa = PBXBuildFile; fileRef = 9E40D5A21E30DA8F0077E00F /* Main.storyboard */; };
		9E40D5A61E30DA8F0077E00F /* Assets.xcassets in Resources */ = {isa = PBXBuildFile; fileRef = 9E40D5A51E30DA8F0077E00F /* Assets.xcassets */; };
		9E40D5A91E30DA8F0077E00F /* LaunchScreen.storyboard in Resources */ = {isa = PBXBuildFile; fileRef = 9E40D5A71E30DA8F0077E00F /* LaunchScreen.storyboard */; };
		9E40D5B41E30DA8F0077E00F /* JJDetailTests.m in Sources */ = {isa = PBXBuildFile; fileRef = 9E40D5B31E30DA8F0077E00F /* JJDetailTests.m */; };
		9E40D5BF1E30DA8F0077E00F /* JJDetailUITests.m in Sources */ = {isa = PBXBuildFile; fileRef = 9E40D5BE1E30DA8F0077E00F /* JJDetailUITests.m */; };
		9E40D5CF1E30DAEA0077E00F /* JJGoodsDetailServiceProvide.m in Sources */ = {isa = PBXBuildFile; fileRef = 9E40D5CE1E30DAEA0077E00F /* JJGoodsDetailServiceProvide.m */; };
		9E40D5D21E30DB0D0077E00F /* JJGoodsDetailViewController.m in Sources */ = {isa = PBXBuildFile; fileRef = 9E40D5D11E30DB0D0077E00F /* JJGoodsDetailViewController.m */; };
/* End PBXBuildFile section */

/* Begin PBXContainerItemProxy section */
		9E40D5B01E30DA8F0077E00F /* PBXContainerItemProxy */ = {
			isa = PBXContainerItemProxy;
			containerPortal = 9E40D58E1E30DA8F0077E00F /* Project object */;
			proxyType = 1;
			remoteGlobalIDString = 9E40D5951E30DA8F0077E00F;
			remoteInfo = JJDetail;
		};
		9E40D5BB1E30DA8F0077E00F /* PBXContainerItemProxy */ = {
			isa = PBXContainerItemProxy;
			containerPortal = 9E40D58E1E30DA8F0077E00F /* Project object */;
			proxyType = 1;
			remoteGlobalIDString = 9E40D5951E30DA8F0077E00F;
			remoteInfo = JJDetail;
		};
/* End PBXContainerItemProxy section */

/* Begin PBXFileReference section */
		2BF2102D797CFB3E9D198D6A /* Pods-JJDetail.debug.xcconfig */ = {isa = PBXFileReference; includeInIndex = 1; lastKnownFileType = text.xcconfig; name = "Pods-JJDetail.debug.xcconfig"; path = "Pods/Target Support Files/Pods-JJDetail/Pods-JJDetail.debug.xcconfig"; sourceTree = "<group>"; };
		9E40D5961E30DA8F0077E00F /* JJDetail.app */ = {isa = PBXFileReference; explicitFileType = wrapper.application; includeInIndex = 0; path = JJDetail.app; sourceTree = BUILT_PRODUCTS_DIR; };
		9E40D59A1E30DA8F0077E00F /* main.m */ = {isa = PBXFileReference; lastKnownFileType = sourcecode.c.objc; path = main.m; sourceTree = "<group>"; };
		9E40D59C1E30DA8F0077E00F /* AppDelegate.h */ = {isa = PBXFileReference; lastKnownFileType = sourcecode.c.h; path = AppDelegate.h; sourceTree = "<group>"; };
		9E40D59D1E30DA8F0077E00F /* AppDelegate.m */ = {isa = PBXFileReference; lastKnownFileType = sourcecode.c.objc; path = AppDelegate.m; sourceTree = "<group>"; };
		9E40D59F1E30DA8F0077E00F /* ViewController.h */ = {isa = PBXFileReference; lastKnownFileType = sourcecode.c.h; path = ViewController.h; sourceTree = "<group>"; };
		9E40D5A01E30DA8F0077E00F /* ViewController.m */ = {isa = PBXFileReference; lastKnownFileType = sourcecode.c.objc; path = ViewController.m; sourceTree = "<group>"; };
		9E40D5A31E30DA8F0077E00F /* Base */ = {isa = PBXFileReference; lastKnownFileType = file.storyboard; name = Base; path = Base.lproj/Main.storyboard; sourceTree = "<group>"; };
		9E40D5A51E30DA8F0077E00F /* Assets.xcassets */ = {isa = PBXFileReference; lastKnownFileType = folder.assetcatalog; path = Assets.xcassets; sourceTree = "<group>"; };
		9E40D5A81E30DA8F0077E00F /* Base */ = {isa = PBXFileReference; lastKnownFileType = file.storyboard; name = Base; path = Base.lproj/LaunchScreen.storyboard; sourceTree = "<group>"; };
		9E40D5AA1E30DA8F0077E00F /* Info.plist */ = {isa = PBXFileReference; lastKnownFileType = text.plist.xml; path = Info.plist; sourceTree = "<group>"; };
		9E40D5AF1E30DA8F0077E00F /* JJDetailTests.xctest */ = {isa = PBXFileReference; explicitFileType = wrapper.cfbundle; includeInIndex = 0; path = JJDetailTests.xctest; sourceTree = BUILT_PRODUCTS_DIR; };
		9E40D5B31E30DA8F0077E00F /* JJDetailTests.m */ = {isa = PBXFileReference; lastKnownFileType = sourcecode.c.objc; path = JJDetailTests.m; sourceTree = "<group>"; };
		9E40D5B51E30DA8F0077E00F /* Info.plist */ = {isa = PBXFileReference; lastKnownFileType = text.plist.xml; path = Info.plist; sourceTree = "<group>"; };
		9E40D5BA1E30DA8F0077E00F /* JJDetailUITests.xctest */ = {isa = PBXFileReference; explicitFileType = wrapper.cfbundle; includeInIndex = 0; path = JJDetailUITests.xctest; sourceTree = BUILT_PRODUCTS_DIR; };
		9E40D5BE1E30DA8F0077E00F /* JJDetailUITests.m */ = {isa = PBXFileReference; lastKnownFileType = sourcecode.c.objc; path = JJDetailUITests.m; sourceTree = "<group>"; };
		9E40D5C01E30DA8F0077E00F /* Info.plist */ = {isa = PBXFileReference; lastKnownFileType = text.plist.xml; path = Info.plist; sourceTree = "<group>"; };
		9E40D5CD1E30DAEA0077E00F /* JJGoodsDetailServiceProvide.h */ = {isa = PBXFileReference; fileEncoding = 4; lastKnownFileType = sourcecode.c.h; path = JJGoodsDetailServiceProvide.h; sourceTree = "<group>"; };
		9E40D5CE1E30DAEA0077E00F /* JJGoodsDetailServiceProvide.m */ = {isa = PBXFileReference; fileEncoding = 4; lastKnownFileType = sourcecode.c.objc; path = JJGoodsDetailServiceProvide.m; sourceTree = "<group>"; };
		9E40D5D01E30DB0D0077E00F /* JJGoodsDetailViewController.h */ = {isa = PBXFileReference; fileEncoding = 4; lastKnownFileType = sourcecode.c.h; path = JJGoodsDetailViewController.h; sourceTree = "<group>"; };
		9E40D5D11E30DB0D0077E00F /* JJGoodsDetailViewController.m */ = {isa = PBXFileReference; fileEncoding = 4; lastKnownFileType = sourcecode.c.objc; path = JJGoodsDetailViewController.m; sourceTree = "<group>"; };
		AAE594624EDCCDB324BD6545 /* Pods-JJDetail.release.xcconfig */ = {isa = PBXFileReference; includeInIndex = 1; lastKnownFileType = text.xcconfig; name = "Pods-JJDetail.release.xcconfig"; path = "Pods/Target Support Files/Pods-JJDetail/Pods-JJDetail.release.xcconfig"; sourceTree = "<group>"; };
		D8453ACE24CFB74D5202CDD8 /* libPods-JJDetail.a */ = {isa = PBXFileReference; explicitFileType = archive.ar; includeInIndex = 0; path = "libPods-JJDetail.a"; sourceTree = BUILT_PRODUCTS_DIR; };
/* End PBXFileReference section */

/* Begin PBXFrameworksBuildPhase section */
		9E40D5931E30DA8F0077E00F /* Frameworks */ = {
			isa = PBXFrameworksBuildPhase;
			buildActionMask = 2147483647;
			files = (
				72267D5FAAA272E6497266C9 /* libPods-JJDetail.a in Frameworks */,
			);
			runOnlyForDeploymentPostprocessing = 0;
		};
		9E40D5AC1E30DA8F0077E00F /* Frameworks */ = {
			isa = PBXFrameworksBuildPhase;
			buildActionMask = 2147483647;
			files = (
			);
			runOnlyForDeploymentPostprocessing = 0;
		};
		9E40D5B71E30DA8F0077E00F /* Frameworks */ = {
			isa = PBXFrameworksBuildPhase;
			buildActionMask = 2147483647;
			files = (
			);
			runOnlyForDeploymentPostprocessing = 0;
		};
/* End PBXFrameworksBuildPhase section */

/* Begin PBXGroup section */
		7B4B7E75DA9AC0BD9CD6D937 /* Frameworks */ = {
			isa = PBXGroup;
			children = (
				D8453ACE24CFB74D5202CDD8 /* libPods-JJDetail.a */,
			);
			name = Frameworks;
			sourceTree = "<group>";
		};
		9E40D58D1E30DA8F0077E00F = {
			isa = PBXGroup;
			children = (
				9E40D5981E30DA8F0077E00F /* JJDetail */,
				9E40D5B21E30DA8F0077E00F /* JJDetailTests */,
				9E40D5BD1E30DA8F0077E00F /* JJDetailUITests */,
				9E40D5971E30DA8F0077E00F /* Products */,
				9F0769D30962BA57C79F67F2 /* Pods */,
				7B4B7E75DA9AC0BD9CD6D937 /* Frameworks */,
			);
			sourceTree = "<group>";
		};
		9E40D5971E30DA8F0077E00F /* Products */ = {
			isa = PBXGroup;
			children = (
				9E40D5961E30DA8F0077E00F /* JJDetail.app */,
				9E40D5AF1E30DA8F0077E00F /* JJDetailTests.xctest */,
				9E40D5BA1E30DA8F0077E00F /* JJDetailUITests.xctest */,
			);
			name = Products;
			sourceTree = "<group>";
		};
		9E40D5981E30DA8F0077E00F /* JJDetail */ = {
			isa = PBXGroup;
			children = (
				9E40D5CC1E30DAAB0077E00F /* JJDetail */,
				9E40D59C1E30DA8F0077E00F /* AppDelegate.h */,
				9E40D59D1E30DA8F0077E00F /* AppDelegate.m */,
				9E40D59F1E30DA8F0077E00F /* ViewController.h */,
				9E40D5A01E30DA8F0077E00F /* ViewController.m */,
				9E40D5A21E30DA8F0077E00F /* Main.storyboard */,
				9E40D5A51E30DA8F0077E00F /* Assets.xcassets */,
				9E40D5A71E30DA8F0077E00F /* LaunchScreen.storyboard */,
				9E40D5AA1E30DA8F0077E00F /* Info.plist */,
				9E40D5991E30DA8F0077E00F /* Supporting Files */,
			);
			path = JJDetail;
			sourceTree = "<group>";
		};
		9E40D5991E30DA8F0077E00F /* Supporting Files */ = {
			isa = PBXGroup;
			children = (
				9E40D59A1E30DA8F0077E00F /* main.m */,
			);
			name = "Supporting Files";
			sourceTree = "<group>";
		};
		9E40D5B21E30DA8F0077E00F /* JJDetailTests */ = {
			isa = PBXGroup;
			children = (
				9E40D5B31E30DA8F0077E00F /* JJDetailTests.m */,
				9E40D5B51E30DA8F0077E00F /* Info.plist */,
			);
			path = JJDetailTests;
			sourceTree = "<group>";
		};
		9E40D5BD1E30DA8F0077E00F /* JJDetailUITests */ = {
			isa = PBXGroup;
			children = (
				9E40D5BE1E30DA8F0077E00F /* JJDetailUITests.m */,
				9E40D5C01E30DA8F0077E00F /* Info.plist */,
			);
			path = JJDetailUITests;
			sourceTree = "<group>";
		};
		9E40D5CC1E30DAAB0077E00F /* JJDetail */ = {
			isa = PBXGroup;
			children = (
				9E40D5CD1E30DAEA0077E00F /* JJGoodsDetailServiceProvide.h */,
				9E40D5CE1E30DAEA0077E00F /* JJGoodsDetailServiceProvide.m */,
				9E40D5D01E30DB0D0077E00F /* JJGoodsDetailViewController.h */,
				9E40D5D11E30DB0D0077E00F /* JJGoodsDetailViewController.m */,
			);
			path = JJDetail;
			sourceTree = "<group>";
		};
		9F0769D30962BA57C79F67F2 /* Pods */ = {
			isa = PBXGroup;
			children = (
				2BF2102D797CFB3E9D198D6A /* Pods-JJDetail.debug.xcconfig */,
				AAE594624EDCCDB324BD6545 /* Pods-JJDetail.release.xcconfig */,
			);
			name = Pods;
			sourceTree = "<group>";
		};
/* End PBXGroup section */

/* Begin PBXNativeTarget section */
		9E40D5951E30DA8F0077E00F /* JJDetail */ = {
			isa = PBXNativeTarget;
			buildConfigurationList = 9E40D5C31E30DA8F0077E00F /* Build configuration list for PBXNativeTarget "JJDetail" */;
			buildPhases = (
				5E2C582A62FBEA552230049F /* [CP] Check Pods Manifest.lock */,
				9E40D5921E30DA8F0077E00F /* Sources */,
				9E40D5931E30DA8F0077E00F /* Frameworks */,
				9E40D5941E30DA8F0077E00F /* Resources */,
				6297C7C73CBC6D2D96EA2EAB /* [CP] Embed Pods Frameworks */,
				4D8F1003C355DA6534406FC6 /* [CP] Copy Pods Resources */,
			);
			buildRules = (
			);
			dependencies = (
			);
			name = JJDetail;
			productName = JJDetail;
			productReference = 9E40D5961E30DA8F0077E00F /* JJDetail.app */;
			productType = "com.apple.product-type.application";
		};
		9E40D5AE1E30DA8F0077E00F /* JJDetailTests */ = {
			isa = PBXNativeTarget;
			buildConfigurationList = 9E40D5C61E30DA8F0077E00F /* Build configuration list for PBXNativeTarget "JJDetailTests" */;
			buildPhases = (
				9E40D5AB1E30DA8F0077E00F /* Sources */,
				9E40D5AC1E30DA8F0077E00F /* Frameworks */,
				9E40D5AD1E30DA8F0077E00F /* Resources */,
			);
			buildRules = (
			);
			dependencies = (
				9E40D5B11E30DA8F0077E00F /* PBXTargetDependency */,
			);
			name = JJDetailTests;
			productName = JJDetailTests;
			productReference = 9E40D5AF1E30DA8F0077E00F /* JJDetailTests.xctest */;
			productType = "com.apple.product-type.bundle.unit-test";
		};
		9E40D5B91E30DA8F0077E00F /* JJDetailUITests */ = {
			isa = PBXNativeTarget;
			buildConfigurationList = 9E40D5C91E30DA8F0077E00F /* Build configuration list for PBXNativeTarget "JJDetailUITests" */;
			buildPhases = (
				9E40D5B61E30DA8F0077E00F /* Sources */,
				9E40D5B71E30DA8F0077E00F /* Frameworks */,
				9E40D5B81E30DA8F0077E00F /* Resources */,
			);
			buildRules = (
			);
			dependencies = (
				9E40D5BC1E30DA8F0077E00F /* PBXTargetDependency */,
			);
			name = JJDetailUITests;
			productName = JJDetailUITests;
			productReference = 9E40D5BA1E30DA8F0077E00F /* JJDetailUITests.xctest */;
			productType = "com.apple.product-type.bundle.ui-testing";
		};
/* End PBXNativeTarget section */

/* Begin PBXProject section */
		9E40D58E1E30DA8F0077E00F /* Project object */ = {
			isa = PBXProject;
			attributes = {
				LastUpgradeCheck = 0820;
				ORGANIZATIONNAME = KEN;
				TargetAttributes = {
					9E40D5951E30DA8F0077E00F = {
						CreatedOnToolsVersion = 8.2.1;
						ProvisioningStyle = Automatic;
					};
					9E40D5AE1E30DA8F0077E00F = {
						CreatedOnToolsVersion = 8.2.1;
						ProvisioningStyle = Automatic;
						TestTargetID = 9E40D5951E30DA8F0077E00F;
					};
					9E40D5B91E30DA8F0077E00F = {
						CreatedOnToolsVersion = 8.2.1;
						ProvisioningStyle = Automatic;
						TestTargetID = 9E40D5951E30DA8F0077E00F;
					};
				};
			};
			buildConfigurationList = 9E40D5911E30DA8F0077E00F /* Build configuration list for PBXProject "JJDetail" */;
			compatibilityVersion = "Xcode 3.2";
			developmentRegion = English;
			hasScannedForEncodings = 0;
			knownRegions = (
				en,
				Base,
			);
			mainGroup = 9E40D58D1E30DA8F0077E00F;
			productRefGroup = 9E40D5971E30DA8F0077E00F /* Products */;
			projectDirPath = "";
			projectRoot = "";
			targets = (
				9E40D5951E30DA8F0077E00F /* JJDetail */,
				9E40D5AE1E30DA8F0077E00F /* JJDetailTests */,
				9E40D5B91E30DA8F0077E00F /* JJDetailUITests */,
			);
		};
/* End PBXProject section */

/* Begin PBXResourcesBuildPhase section */
		9E40D5941E30DA8F0077E00F /* Resources */ = {
			isa = PBXResourcesBuildPhase;
			buildActionMask = 2147483647;
			files = (
				9E40D5A91E30DA8F0077E00F /* LaunchScreen.storyboard in Resources */,
				9E40D5A61E30DA8F0077E00F /* Assets.xcassets in Resources */,
				9E40D5A41E30DA8F0077E00F /* Main.storyboard in Resources */,
			);
			runOnlyForDeploymentPostprocessing = 0;
		};
		9E40D5AD1E30DA8F0077E00F /* Resources */ = {
			isa = PBXResourcesBuildPhase;
			buildActionMask = 2147483647;
			files = (
			);
			runOnlyForDeploymentPostprocessing = 0;
		};
		9E40D5B81E30DA8F0077E00F /* Resources */ = {
			isa = PBXResourcesBuildPhase;
			buildActionMask = 2147483647;
			files = (
			);
			runOnlyForDeploymentPostprocessing = 0;
		};
/* End PBXResourcesBuildPhase section */

/* Begin PBXShellScriptBuildPhase section */
		4D8F1003C355DA6534406FC6 /* [CP] Copy Pods Resources */ = {
			isa = PBXShellScriptBuildPhase;
			buildActionMask = 2147483647;
			files = (
			);
			inputPaths = (
			);
			name = "[CP] Copy Pods Resources";
			outputPaths = (
			);
			runOnlyForDeploymentPostprocessing = 0;
			shellPath = /bin/sh;
			shellScript = "\"${SRCROOT}/Pods/Target Support Files/Pods-JJDetail/Pods-JJDetail-resources.sh\"\n";
			showEnvVarsInLog = 0;
		};
		5E2C582A62FBEA552230049F /* [CP] Check Pods Manifest.lock */ = {
			isa = PBXShellScriptBuildPhase;
			buildActionMask = 2147483647;
			files = (
			);
			inputPaths = (
			);
			name = "[CP] Check Pods Manifest.lock";
			outputPaths = (
			);
			runOnlyForDeploymentPostprocessing = 0;
			shellPath = /bin/sh;
			shellScript = "diff \"${PODS_ROOT}/../Podfile.lock\" \"${PODS_ROOT}/Manifest.lock\" > /dev/null\nif [ $? != 0 ] ; then\n    # print error to STDERR\n    echo \"error: The sandbox is not in sync with the Podfile.lock. Run 'pod install' or update your CocoaPods installation.\" >&2\n    exit 1\nfi\n";
			showEnvVarsInLog = 0;
		};
		6297C7C73CBC6D2D96EA2EAB /* [CP] Embed Pods Frameworks */ = {
			isa = PBXShellScriptBuildPhase;
			buildActionMask = 2147483647;
			files = (
			);
			inputPaths = (
			);
			name = "[CP] Embed Pods Frameworks";
			outputPaths = (
			);
			runOnlyForDeploymentPostprocessing = 0;
			shellPath = /bin/sh;
			shellScript = "\"${SRCROOT}/Pods/Target Support Files/Pods-JJDetail/Pods-JJDetail-frameworks.sh\"\n";
			showEnvVarsInLog = 0;
		};
/* End PBXShellScriptBuildPhase section */

/* Begin PBXSourcesBuildPhase section */
		9E40D5921E30DA8F0077E00F /* Sources */ = {
			isa = PBXSourcesBuildPhase;
			buildActionMask = 2147483647;
			files = (
				9E40D5A11E30DA8F0077E00F /* ViewController.m in Sources */,
				9E40D5CF1E30DAEA0077E00F /* JJGoodsDetailServiceProvide.m in Sources */,
				9E40D59E1E30DA8F0077E00F /* AppDelegate.m in Sources */,
				9E40D5D21E30DB0D0077E00F /* JJGoodsDetailViewController.m in Sources */,
				9E40D59B1E30DA8F0077E00F /* main.m in Sources */,
			);
			runOnlyForDeploymentPostprocessing = 0;
		};
		9E40D5AB1E30DA8F0077E00F /* Sources */ = {
			isa = PBXSourcesBuildPhase;
			buildActionMask = 2147483647;
			files = (
				9E40D5B41E30DA8F0077E00F /* JJDetailTests.m in Sources */,
			);
			runOnlyForDeploymentPostprocessing = 0;
		};
		9E40D5B61E30DA8F0077E00F /* Sources */ = {
			isa = PBXSourcesBuildPhase;
			buildActionMask = 2147483647;
			files = (
				9E40D5BF1E30DA8F0077E00F /* JJDetailUITests.m in Sources */,
			);
			runOnlyForDeploymentPostprocessing = 0;
		};
/* End PBXSourcesBuildPhase section */

/* Begin PBXTargetDependency section */
		9E40D5B11E30DA8F0077E00F /* PBXTargetDependency */ = {
			isa = PBXTargetDependency;
			target = 9E40D5951E30DA8F0077E00F /* JJDetail */;
			targetProxy = 9E40D5B01E30DA8F0077E00F /* PBXContainerItemProxy */;
		};
		9E40D5BC1E30DA8F0077E00F /* PBXTargetDependency */ = {
			isa = PBXTargetDependency;
			target = 9E40D5951E30DA8F0077E00F /* JJDetail */;
			targetProxy = 9E40D5BB1E30DA8F0077E00F /* PBXContainerItemProxy */;
		};
/* End PBXTargetDependency section */

/* Begin PBXVariantGroup section */
		9E40D5A21E30DA8F0077E00F /* Main.storyboard */ = {
			isa = PBXVariantGroup;
			children = (
				9E40D5A31E30DA8F0077E00F /* Base */,
			);
			name = Main.storyboard;
			sourceTree = "<group>";
		};
		9E40D5A71E30DA8F0077E00F /* LaunchScreen.storyboard */ = {
			isa = PBXVariantGroup;
			children = (
				9E40D5A81E30DA8F0077E00F /* Base */,
			);
			name = LaunchScreen.storyboard;
			sourceTree = "<group>";
		};
/* End PBXVariantGroup section */

/* Begin XCBuildConfiguration section */
		9E40D5C11E30DA8F0077E00F /* Debug */ = {
			isa = XCBuildConfiguration;
			buildSettings = {
				ALWAYS_SEARCH_USER_PATHS = NO;
				CLANG_ANALYZER_NONNULL = YES;
				CLANG_CXX_LANGUAGE_STANDARD = "gnu++0x";
				CLANG_CXX_LIBRARY = "libc++";
				CLANG_ENABLE_MODULES = YES;
				CLANG_ENABLE_OBJC_ARC = YES;
				CLANG_WARN_BOOL_CONVERSION = YES;
				CLANG_WARN_CONSTANT_CONVERSION = YES;
				CLANG_WARN_DIRECT_OBJC_ISA_USAGE = YES_ERROR;
				CLANG_WARN_DOCUMENTATION_COMMENTS = YES;
				CLANG_WARN_EMPTY_BODY = YES;
				CLANG_WARN_ENUM_CONVERSION = YES;
				CLANG_WARN_INFINITE_RECURSION = YES;
				CLANG_WARN_INT_CONVERSION = YES;
				CLANG_WARN_OBJC_ROOT_CLASS = YES_ERROR;
				CLANG_WARN_SUSPICIOUS_MOVE = YES;
				CLANG_WARN_UNREACHABLE_CODE = YES;
				CLANG_WARN__DUPLICATE_METHOD_MATCH = YES;
				"CODE_SIGN_IDENTITY[sdk=iphoneos*]" = "iPhone Developer";
				COPY_PHASE_STRIP = NO;
				DEBUG_INFORMATION_FORMAT = dwarf;
				ENABLE_STRICT_OBJC_MSGSEND = YES;
				ENABLE_TESTABILITY = YES;
				GCC_C_LANGUAGE_STANDARD = gnu99;
				GCC_DYNAMIC_NO_PIC = NO;
				GCC_NO_COMMON_BLOCKS = YES;
				GCC_OPTIMIZATION_LEVEL = 0;
				GCC_PREPROCESSOR_DEFINITIONS = (
					"DEBUG=1",
					"$(inherited)",
				);
				GCC_WARN_64_TO_32_BIT_CONVERSION = YES;
				GCC_WARN_ABOUT_RETURN_TYPE = YES_ERROR;
				GCC_WARN_UNDECLARED_SELECTOR = YES;
				GCC_WARN_UNINITIALIZED_AUTOS = YES_AGGRESSIVE;
				GCC_WARN_UNUSED_FUNCTION = YES;
				GCC_WARN_UNUSED_VARIABLE = YES;
				IPHONEOS_DEPLOYMENT_TARGET = 10.2;
				MTL_ENABLE_DEBUG_INFO = YES;
				ONLY_ACTIVE_ARCH = YES;
				SDKROOT = iphoneos;
				TARGETED_DEVICE_FAMILY = "1,2";
			};
			name = Debug;
		};
		9E40D5C21E30DA8F0077E00F /* Release */ = {
			isa = XCBuildConfiguration;
			buildSettings = {
				ALWAYS_SEARCH_USER_PATHS = NO;
				CLANG_ANALYZER_NONNULL = YES;
				CLANG_CXX_LANGUAGE_STANDARD = "gnu++0x";
				CLANG_CXX_LIBRARY = "libc++";
				CLANG_ENABLE_MODULES = YES;
				CLANG_ENABLE_OBJC_ARC = YES;
				CLANG_WARN_BOOL_CONVERSION = YES;
				CLANG_WARN_CONSTANT_CONVERSION = YES;
				CLANG_WARN_DIRECT_OBJC_ISA_USAGE = YES_ERROR;
				CLANG_WARN_DOCUMENTATION_COMMENTS = YES;
				CLANG_WARN_EMPTY_BODY = YES;
				CLANG_WARN_ENUM_CONVERSION = YES;
				CLANG_WARN_INFINITE_RECURSION = YES;
				CLANG_WARN_INT_CONVERSION = YES;
				CLANG_WARN_OBJC_ROOT_CLASS = YES_ERROR;
				CLANG_WARN_SUSPICIOUS_MOVE = YES;
				CLANG_WARN_UNREACHABLE_CODE = YES;
				CLANG_WARN__DUPLICATE_METHOD_MATCH = YES;
				"CODE_SIGN_IDENTITY[sdk=iphoneos*]" = "iPhone Developer";
				COPY_PHASE_STRIP = NO;
				DEBUG_INFORMATION_FORMAT = "dwarf-with-dsym";
				ENABLE_NS_ASSERTIONS = NO;
				ENABLE_STRICT_OBJC_MSGSEND = YES;
				GCC_C_LANGUAGE_STANDARD = gnu99;
				GCC_NO_COMMON_BLOCKS = YES;
				GCC_WARN_64_TO_32_BIT_CONVERSION = YES;
				GCC_WARN_ABOUT_RETURN_TYPE = YES_ERROR;
				GCC_WARN_UNDECLARED_SELECTOR = YES;
				GCC_WARN_UNINITIALIZED_AUTOS = YES_AGGRESSIVE;
				GCC_WARN_UNUSED_FUNCTION = YES;
				GCC_WARN_UNUSED_VARIABLE = YES;
				IPHONEOS_DEPLOYMENT_TARGET = 10.2;
				MTL_ENABLE_DEBUG_INFO = NO;
				SDKROOT = iphoneos;
				TARGETED_DEVICE_FAMILY = "1,2";
				VALIDATE_PRODUCT = YES;
			};
			name = Release;
		};
		9E40D5C41E30DA8F0077E00F /* Debug */ = {
			isa = XCBuildConfiguration;
			baseConfigurationReference = 2BF2102D797CFB3E9D198D6A /* Pods-JJDetail.debug.xcconfig */;
			buildSettings = {
				ASSETCATALOG_COMPILER_APPICON_NAME = AppIcon;
				INFOPLIST_FILE = JJDetail/Info.plist;
				LD_RUNPATH_SEARCH_PATHS = "$(inherited) @executable_path/Frameworks";
				PRODUCT_BUNDLE_IDENTIFIER = com.ken.JJDetail;
				PRODUCT_NAME = "$(TARGET_NAME)";
			};
			name = Debug;
		};
		9E40D5C51E30DA8F0077E00F /* Release */ = {
			isa = XCBuildConfiguration;
			baseConfigurationReference = AAE594624EDCCDB324BD6545 /* Pods-JJDetail.release.xcconfig */;
			buildSettings = {
				ASSETCATALOG_COMPILER_APPICON_NAME = AppIcon;
				INFOPLIST_FILE = JJDetail/Info.plist;
				LD_RUNPATH_SEARCH_PATHS = "$(inherited) @executable_path/Frameworks";
				PRODUCT_BUNDLE_IDENTIFIER = com.ken.JJDetail;
				PRODUCT_NAME = "$(TARGET_NAME)";
			};
			name = Release;
		};
		9E40D5C71E30DA8F0077E00F /* Debug */ = {
			isa = XCBuildConfiguration;
			buildSettings = {
				BUNDLE_LOADER = "$(TEST_HOST)";
				INFOPLIST_FILE = JJDetailTests/Info.plist;
				LD_RUNPATH_SEARCH_PATHS = "$(inherited) @executable_path/Frameworks @loader_path/Frameworks";
				PRODUCT_BUNDLE_IDENTIFIER = com.ken.JJDetailTests;
				PRODUCT_NAME = "$(TARGET_NAME)";
				TEST_HOST = "$(BUILT_PRODUCTS_DIR)/JJDetail.app/JJDetail";
			};
			name = Debug;
		};
		9E40D5C81E30DA8F0077E00F /* Release */ = {
			isa = XCBuildConfiguration;
			buildSettings = {
				BUNDLE_LOADER = "$(TEST_HOST)";
				INFOPLIST_FILE = JJDetailTests/Info.plist;
				LD_RUNPATH_SEARCH_PATHS = "$(inherited) @executable_path/Frameworks @loader_path/Frameworks";
				PRODUCT_BUNDLE_IDENTIFIER = com.ken.JJDetailTests;
				PRODUCT_NAME = "$(TARGET_NAME)";
				TEST_HOST = "$(BUILT_PRODUCTS_DIR)/JJDetail.app/JJDetail";
			};
			name = Release;
		};
		9E40D5CA1E30DA8F0077E00F /* Debug */ = {
			isa = XCBuildConfiguration;
			buildSettings = {
				INFOPLIST_FILE = JJDetailUITests/Info.plist;
				LD_RUNPATH_SEARCH_PATHS = "$(inherited) @executable_path/Frameworks @loader_path/Frameworks";
				PRODUCT_BUNDLE_IDENTIFIER = com.ken.JJDetailUITests;
				PRODUCT_NAME = "$(TARGET_NAME)";
				TEST_TARGET_NAME = JJDetail;
			};
			name = Debug;
		};
		9E40D5CB1E30DA8F0077E00F /* Release */ = {
			isa = XCBuildConfiguration;
			buildSettings = {
				INFOPLIST_FILE = JJDetailUITests/Info.plist;
				LD_RUNPATH_SEARCH_PATHS = "$(inherited) @executable_path/Frameworks @loader_path/Frameworks";
				PRODUCT_BUNDLE_IDENTIFIER = com.ken.JJDetailUITests;
				PRODUCT_NAME = "$(TARGET_NAME)";
				TEST_TARGET_NAME = JJDetail;
			};
			name = Release;
		};
/* End XCBuildConfiguration section */

/* Begin XCConfigurationList section */
		9E40D5911E30DA8F0077E00F /* Build configuration list for PBXProject "JJDetail" */ = {
			isa = XCConfigurationList;
			buildConfigurations = (
				9E40D5C11E30DA8F0077E00F /* Debug */,
				9E40D5C21E30DA8F0077E00F /* Release */,
			);
			defaultConfigurationIsVisible = 0;
			defaultConfigurationName = Release;
		};
		9E40D5C31E30DA8F0077E00F /* Build configuration list for PBXNativeTarget "JJDetail" */ = {
			isa = XCConfigurationList;
			buildConfigurations = (
				9E40D5C41E30DA8F0077E00F /* Debug */,
				9E40D5C51E30DA8F0077E00F /* Release */,
			);
			defaultConfigurationIsVisible = 0;
		};
		9E40D5C61E30DA8F0077E00F /* Build configuration list for PBXNativeTarget "JJDetailTests" */ = {
			isa = XCConfigurationList;
			buildConfigurations = (
				9E40D5C71E30DA8F0077E00F /* Debug */,
				9E40D5C81E30DA8F0077E00F /* Release */,
			);
			defaultConfigurationIsVisible = 0;
		};
		9E40D5C91E30DA8F0077E00F /* Build configuration list for PBXNativeTarget "JJDetailUITests" */ = {
			isa = XCConfigurationList;
			buildConfigurations = (
				9E40D5CA1E30DA8F0077E00F /* Debug */,
				9E40D5CB1E30DA8F0077E00F /* Release */,
			);
			defaultConfigurationIsVisible = 0;
		};
/* End XCConfigurationList section */
	};
	rootObject = 9E40D58E1E30DA8F0077E00F /* Project object */;
}
